
Microsoft Visual Studio Solution File, Format Version 12.00
# Visual Studio 15
VisualStudioVersion = 15.0.27428.2005
MinimumVisualStudioVersion = 10.0.40219.1
Project("{FAE04EC0-301F-11D3-BF4B-00C04F79EFBC}") = "Lands.Android", "Lands\Lands.Android\Lands.Android.csproj", "{50B19C5C-649C-4116-8393-A012014F1903}"
EndProject
Project("{FAE04EC0-301F-11D3-BF4B-00C04F79EFBC}") = "Lands", "Lands\Lands\Lands.csproj", "{68692D2B-78DF-42C1-A804-60EC2EBFD4B5}"
EndProject
Global
	GlobalSection(SolutionConfigurationPlatforms) = preSolution
		Debug|Any CPU = Debug|Any CPU
		Release|Any CPU = Release|Any CPU
	EndGlobalSection
	GlobalSection(ProjectConfigurationPlatforms) = postSolution
		{50B19C5C-649C-4116-8393-A012014F1903}.Debug|Any CPU.ActiveCfg = Debug|Any CPU
		{50B19C5C-649C-4116-8393-A012014F1903}.Debug|Any CPU.Build.0 = Debug|Any CPU
		{50B19C5C-649C-4116-8393-A012014F1903}.Debug|Any CPU.Deploy.0 = Debug|Any CPU
		{50B19C5C-649C-4116-8393-A012014F1903}.Release|Any CPU.ActiveCfg = Release|Any CPU
		{50B19C5C-649C-4116-8393-A012014F1903}.Release|Any CPU.Build.0 = Release|Any CPU
		{50B19C5C-649C-4116-8393-A012014F1903}.Release|Any CPU.Deploy.0 = Release|Any CPU
		{68692D2B-78DF-42C1-A804-60EC2EBFD4B5}.Debug|Any CPU.ActiveCfg = Debug|Any CPU
		{68692D2B-78DF-42C1-A804-60EC2EBFD4B5}.Debug|Any CPU.Build.0 = Debug|Any CPU
		{68692D2B-78DF-42C1-A804-60EC2EBFD4B5}.Release|Any CPU.ActiveCfg = Release|Any CPU
		{68692D2B-78DF-42C1-A804-60EC2EBFD4B5}.Release|Any CPU.Build.0 = Release|Any CPU
	EndGlobalSection
	GlobalSection(SolutionProperties) = preSolution
		HideSolutionNode = FALSE
	EndGlobalSection
	GlobalSection(ExtensibilityGlobals) = postSolution
		SolutionGuid = {B003475C-1DE4-41E7-ACEB-B1AC22728FC5}
	EndGlobalSection
EndGlobal
